// !$*UTF8*$!
{
	archiveVersion = 1;
	classes = {
	};
	objectVersion = 56;
	objects = {

/* Begin PBXBuildFile section */
		B20E700D2A0148F9001526B3 /* StickerModal.swift in Sources */ = {isa = PBXBuildFile; fileRef = B20E700C2A0148F9001526B3 /* StickerModal.swift */; };
		B20E70102A0170B5001526B3 /* PhotosModal.swift in Sources */ = {isa = PBXBuildFile; fileRef = B20E700F2A0170B5001526B3 /* PhotosModal.swift */; };
		B20E70122A017C2B001526B3 /* UIImageExtensions.swift in Sources */ = {isa = PBXBuildFile; fileRef = B20E70112A017C2B001526B3 /* UIImageExtensions.swift */; };
		B20E70142A0186F6001526B3 /* CustomTransfer.swift in Sources */ = {isa = PBXBuildFile; fileRef = B20E70132A0186F6001526B3 /* CustomTransfer.swift */; };
		B20E70162A019409001526B3 /* ElementContextMenu.swift in Sources */ = {isa = PBXBuildFile; fileRef = B20E70152A019409001526B3 /* ElementContextMenu.swift */; };
		B20E70182A01956E001526B3 /* ViewExtensions.swift in Sources */ = {isa = PBXBuildFile; fileRef = B20E70172A01956E001526B3 /* ViewExtensions.swift */; };
		B219D8392A00475E0098DDB1 /* CardsApp.swift in Sources */ = {isa = PBXBuildFile; fileRef = B219D8382A00475E0098DDB1 /* CardsApp.swift */; };
		B219D83B2A00475E0098DDB1 /* ContentView.swift in Sources */ = {isa = PBXBuildFile; fileRef = B219D83A2A00475E0098DDB1 /* ContentView.swift */; };
		B219D83D2A00475F0098DDB1 /* Assets.xcassets in Resources */ = {isa = PBXBuildFile; fileRef = B219D83C2A00475F0098DDB1 /* Assets.xcassets */; };
		B219D8402A00475F0098DDB1 /* Preview Assets.xcassets in Resources */ = {isa = PBXBuildFile; fileRef = B219D83F2A00475F0098DDB1 /* Preview Assets.xcassets */; };
		B2254D272A01439A0034C710 /* Stickers in Resources */ = {isa = PBXBuildFile; fileRef = B2254D262A01439A0034C710 /* Stickers */; };
		B24439E32A00495100822683 /* CardsListView.swift in Sources */ = {isa = PBXBuildFile; fileRef = B24439E22A00495100822683 /* CardsListView.swift */; };
		B24439E52A004B2100822683 /* CardThumbnail.swift in Sources */ = {isa = PBXBuildFile; fileRef = B24439E42A004B2100822683 /* CardThumbnail.swift */; };
		B24439E82A004BDB00822683 /* SingleCardView.swift in Sources */ = {isa = PBXBuildFile; fileRef = B24439E72A004BDB00822683 /* SingleCardView.swift */; };
		B24439EC2A005A4C00822683 /* ToolbarSelection.swift in Sources */ = {isa = PBXBuildFile; fileRef = B24439EB2A005A4C00822683 /* ToolbarSelection.swift */; };
		B24439EE2A005ABA00822683 /* BottomToolbar.swift in Sources */ = {isa = PBXBuildFile; fileRef = B24439ED2A005ABA00822683 /* BottomToolbar.swift */; };
		B24439F32A00650400822683 /* ResizableView.swift in Sources */ = {isa = PBXBuildFile; fileRef = B24439F22A00650400822683 /* ResizableView.swift */; };
		B24439F52A0065BC00822683 /* Transform.swift in Sources */ = {isa = PBXBuildFile; fileRef = B24439F42A0065BC00822683 /* Transform.swift */; };
		B24439F72A00688100822683 /* Operators.swift in Sources */ = {isa = PBXBuildFile; fileRef = B24439F62A00688100822683 /* Operators.swift */; };
		B24439FA2A0073BE00822683 /* Settings.swift in Sources */ = {isa = PBXBuildFile; fileRef = B24439F92A0073BE00822683 /* Settings.swift */; };
		B24439FD2A00751900822683 /* ColorExtensions.swift in Sources */ = {isa = PBXBuildFile; fileRef = B24439FC2A00751900822683 /* ColorExtensions.swift */; };
		B24439FF2A00777800822683 /* CardToolbar.swift in Sources */ = {isa = PBXBuildFile; fileRef = B24439FE2A00777800822683 /* CardToolbar.swift */; };
		B2443A012A00894400822683 /* PreviewData.swift in Sources */ = {isa = PBXBuildFile; fileRef = B2443A002A00894400822683 /* PreviewData.swift */; };
		B2443A032A00896A00822683 /* TextExtensions.swift in Sources */ = {isa = PBXBuildFile; fileRef = B2443A022A00896A00822683 /* TextExtensions.swift */; };
		B2443A052A008E3800822683 /* CardElement.swift in Sources */ = {isa = PBXBuildFile; fileRef = B2443A042A008E3800822683 /* CardElement.swift */; };
		B2443A072A008E6600822683 /* Card.swift in Sources */ = {isa = PBXBuildFile; fileRef = B2443A062A008E6600822683 /* Card.swift */; };
		B2443A092A008FA200822683 /* CardStore.swift in Sources */ = {isa = PBXBuildFile; fileRef = B2443A082A008FA200822683 /* CardStore.swift */; };
		B2443A0B2A009A5900822683 /* CardDetailView.swift in Sources */ = {isa = PBXBuildFile; fileRef = B2443A0A2A009A5900822683 /* CardDetailView.swift */; };
		B2443A0D2A009B1800822683 /* CardElementView.swift in Sources */ = {isa = PBXBuildFile; fileRef = B2443A0C2A009B1800822683 /* CardElementView.swift */; };
		B2895CB82A028D5D002669C3 /* Shapes.swift in Sources */ = {isa = PBXBuildFile; fileRef = B2895CB72A028D5D002669C3 /* Shapes.swift */; };
/* End PBXBuildFile section */

/* Begin PBXFileReference section */
		B20E700C2A0148F9001526B3 /* StickerModal.swift */ = {isa = PBXFileReference; lastKnownFileType = sourcecode.swift; path = StickerModal.swift; sourceTree = "<group>"; };
		B20E700F2A0170B5001526B3 /* PhotosModal.swift */ = {isa = PBXFileReference; lastKnownFileType = sourcecode.swift; path = PhotosModal.swift; sourceTree = "<group>"; };
		B20E70112A017C2B001526B3 /* UIImageExtensions.swift */ = {isa = PBXFileReference; lastKnownFileType = sourcecode.swift; path = UIImageExtensions.swift; sourceTree = "<group>"; };
		B20E70132A0186F6001526B3 /* CustomTransfer.swift */ = {isa = PBXFileReference; lastKnownFileType = sourcecode.swift; path = CustomTransfer.swift; sourceTree = "<group>"; };
		B20E70152A019409001526B3 /* ElementContextMenu.swift */ = {isa = PBXFileReference; lastKnownFileType = sourcecode.swift; path = ElementContextMenu.swift; sourceTree = "<group>"; };
		B20E70172A01956E001526B3 /* ViewExtensions.swift */ = {isa = PBXFileReference; lastKnownFileType = sourcecode.swift; path = ViewExtensions.swift; sourceTree = "<group>"; };
		B219D8352A00475E0098DDB1 /* Cards.app */ = {isa = PBXFileReference; explicitFileType = wrapper.application; includeInIndex = 0; path = Cards.app; sourceTree = BUILT_PRODUCTS_DIR; };
		B219D8382A00475E0098DDB1 /* CardsApp.swift */ = {isa = PBXFileReference; lastKnownFileType = sourcecode.swift; path = CardsApp.swift; sourceTree = "<group>"; };
		B219D83A2A00475E0098DDB1 /* ContentView.swift */ = {isa = PBXFileReference; lastKnownFileType = sourcecode.swift; path = ContentView.swift; sourceTree = "<group>"; };
		B219D83C2A00475F0098DDB1 /* Assets.xcassets */ = {isa = PBXFileReference; lastKnownFileType = folder.assetcatalog; path = Assets.xcassets; sourceTree = "<group>"; };
		B219D83F2A00475F0098DDB1 /* Preview Assets.xcassets */ = {isa = PBXFileReference; lastKnownFileType = folder.assetcatalog; path = "Preview Assets.xcassets"; sourceTree = "<group>"; };
		B2254D1D2A013E7C0034C710 /* Info.plist */ = {isa = PBXFileReference; lastKnownFileType = text.plist; path = Info.plist; sourceTree = "<group>"; };
		B2254D262A01439A0034C710 /* Stickers */ = {isa = PBXFileReference; lastKnownFileType = folder; name = Stickers; path = "../../Kodeco/suia-materials/16-adding-assets-to-your-app/assets/Stickers"; sourceTree = "<group>"; };
		B24439E22A00495100822683 /* CardsListView.swift */ = {isa = PBXFileReference; lastKnownFileType = sourcecode.swift; path = CardsListView.swift; sourceTree = "<group>"; };
		B24439E42A004B2100822683 /* CardThumbnail.swift */ = {isa = PBXFileReference; lastKnownFileType = sourcecode.swift; path = CardThumbnail.swift; sourceTree = "<group>"; };
		B24439E72A004BDB00822683 /* SingleCardView.swift */ = {isa = PBXFileReference; lastKnownFileType = sourcecode.swift; path = SingleCardView.swift; sourceTree = "<group>"; };
		B24439EB2A005A4C00822683 /* ToolbarSelection.swift */ = {isa = PBXFileReference; lastKnownFileType = sourcecode.swift; path = ToolbarSelection.swift; sourceTree = "<group>"; };
		B24439ED2A005ABA00822683 /* BottomToolbar.swift */ = {isa = PBXFileReference; lastKnownFileType = sourcecode.swift; path = BottomToolbar.swift; sourceTree = "<group>"; };
		B24439F22A00650400822683 /* ResizableView.swift */ = {isa = PBXFileReference; lastKnownFileType = sourcecode.swift; path = ResizableView.swift; sourceTree = "<group>"; };
		B24439F42A0065BC00822683 /* Transform.swift */ = {isa = PBXFileReference; lastKnownFileType = sourcecode.swift; path = Transform.swift; sourceTree = "<group>"; };
		B24439F62A00688100822683 /* Operators.swift */ = {isa = PBXFileReference; lastKnownFileType = sourcecode.swift; path = Operators.swift; sourceTree = "<group>"; };
		B24439F92A0073BE00822683 /* Settings.swift */ = {isa = PBXFileReference; lastKnownFileType = sourcecode.swift; path = Settings.swift; sourceTree = "<group>"; };
		B24439FC2A00751900822683 /* ColorExtensions.swift */ = {isa = PBXFileReference; lastKnownFileType = sourcecode.swift; path = ColorExtensions.swift; sourceTree = "<group>"; };
		B24439FE2A00777800822683 /* CardToolbar.swift */ = {isa = PBXFileReference; lastKnownFileType = sourcecode.swift; path = CardToolbar.swift; sourceTree = "<group>"; };
		B2443A002A00894400822683 /* PreviewData.swift */ = {isa = PBXFileReference; lastKnownFileType = sourcecode.swift; path = PreviewData.swift; sourceTree = "<group>"; };
		B2443A022A00896A00822683 /* TextExtensions.swift */ = {isa = PBXFileReference; lastKnownFileType = sourcecode.swift; path = TextExtensions.swift; sourceTree = "<group>"; };
		B2443A042A008E3800822683 /* CardElement.swift */ = {isa = PBXFileReference; lastKnownFileType = sourcecode.swift; path = CardElement.swift; sourceTree = "<group>"; };
		B2443A062A008E6600822683 /* Card.swift */ = {isa = PBXFileReference; lastKnownFileType = sourcecode.swift; path = Card.swift; sourceTree = "<group>"; };
		B2443A082A008FA200822683 /* CardStore.swift */ = {isa = PBXFileReference; lastKnownFileType = sourcecode.swift; path = CardStore.swift; sourceTree = "<group>"; };
		B2443A0A2A009A5900822683 /* CardDetailView.swift */ = {isa = PBXFileReference; lastKnownFileType = sourcecode.swift; path = CardDetailView.swift; sourceTree = "<group>"; };
		B2443A0C2A009B1800822683 /* CardElementView.swift */ = {isa = PBXFileReference; lastKnownFileType = sourcecode.swift; path = CardElementView.swift; sourceTree = "<group>"; };
		B2895CB72A028D5D002669C3 /* Shapes.swift */ = {isa = PBXFileReference; lastKnownFileType = sourcecode.swift; path = Shapes.swift; sourceTree = "<group>"; };
/* End PBXFileReference section */

/* Begin PBXFrameworksBuildPhase section */
		B219D8322A00475E0098DDB1 /* Frameworks */ = {
			isa = PBXFrameworksBuildPhase;
			buildActionMask = 2147483647;
			files = (
			);
			runOnlyForDeploymentPostprocessing = 0;
		};
/* End PBXFrameworksBuildPhase section */

/* Begin PBXGroup section */
		B20E700B2A0148D0001526B3 /* Card Modal Views */ = {
			isa = PBXGroup;
			children = (
				B20E700C2A0148F9001526B3 /* StickerModal.swift */,
				B20E700F2A0170B5001526B3 /* PhotosModal.swift */,
			);
			path = "Card Modal Views";
			sourceTree = "<group>";
		};
		B219D82C2A00475E0098DDB1 = {
			isa = PBXGroup;
			children = (
				B219D8372A00475E0098DDB1 /* Cards */,
				B219D8362A00475E0098DDB1 /* Products */,
			);
			sourceTree = "<group>";
		};
		B219D8362A00475E0098DDB1 /* Products */ = {
			isa = PBXGroup;
			children = (
				B219D8352A00475E0098DDB1 /* Cards.app */,
			);
			name = Products;
			sourceTree = "<group>";
		};
		B219D8372A00475E0098DDB1 /* Cards */ = {
			isa = PBXGroup;
			children = (
				B2254D262A01439A0034C710 /* Stickers */,
				B2254D1D2A013E7C0034C710 /* Info.plist */,
				B219D8382A00475E0098DDB1 /* CardsApp.swift */,
				B24439F82A0073B000822683 /* Config */,
				B24439FB2A0074DA00822683 /* Extensions */,
				B24439F02A00627500822683 /* Model */,
				B24439EF2A00627000822683 /* Views */,
				B219D83C2A00475F0098DDB1 /* Assets.xcassets */,
				B219D83E2A00475F0098DDB1 /* Preview Content */,
			);
			path = Cards;
			sourceTree = "<group>";
		};
		B219D83E2A00475F0098DDB1 /* Preview Content */ = {
			isa = PBXGroup;
			children = (
				B219D83F2A00475F0098DDB1 /* Preview Assets.xcassets */,
				B2443A002A00894400822683 /* PreviewData.swift */,
			);
			path = "Preview Content";
			sourceTree = "<group>";
		};
		B24439EF2A00627000822683 /* Views */ = {
			isa = PBXGroup;
			children = (
				B24439F12A00629000822683 /* Single Card Views */,
				B219D83A2A00475E0098DDB1 /* ContentView.swift */,
				B24439E42A004B2100822683 /* CardThumbnail.swift */,
				B24439E22A00495100822683 /* CardsListView.swift */,
				B24439F22A00650400822683 /* ResizableView.swift */,
			);
			path = Views;
			sourceTree = "<group>";
		};
		B24439F02A00627500822683 /* Model */ = {
			isa = PBXGroup;
			children = (
				B24439EB2A005A4C00822683 /* ToolbarSelection.swift */,
				B24439F42A0065BC00822683 /* Transform.swift */,
				B24439F62A00688100822683 /* Operators.swift */,
				B2443A042A008E3800822683 /* CardElement.swift */,
				B2443A062A008E6600822683 /* Card.swift */,
				B2443A082A008FA200822683 /* CardStore.swift */,
				B20E70132A0186F6001526B3 /* CustomTransfer.swift */,
				B2895CB72A028D5D002669C3 /* Shapes.swift */,
			);
			path = Model;
			sourceTree = "<group>";
		};
		B24439F12A00629000822683 /* Single Card Views */ = {
			isa = PBXGroup;
			children = (
				B20E700B2A0148D0001526B3 /* Card Modal Views */,
				B24439E72A004BDB00822683 /* SingleCardView.swift */,
				B24439ED2A005ABA00822683 /* BottomToolbar.swift */,
				B24439FE2A00777800822683 /* CardToolbar.swift */,
				B2443A0A2A009A5900822683 /* CardDetailView.swift */,
				B2443A0C2A009B1800822683 /* CardElementView.swift */,
				B20E70152A019409001526B3 /* ElementContextMenu.swift */,
			);
			path = "Single Card Views";
			sourceTree = "<group>";
		};
		B24439F82A0073B000822683 /* Config */ = {
			isa = PBXGroup;
			children = (
				B24439F92A0073BE00822683 /* Settings.swift */,
			);
			path = Config;
			sourceTree = "<group>";
		};
		B24439FB2A0074DA00822683 /* Extensions */ = {
			isa = PBXGroup;
			children = (
				B24439FC2A00751900822683 /* ColorExtensions.swift */,
				B2443A022A00896A00822683 /* TextExtensions.swift */,
				B20E70112A017C2B001526B3 /* UIImageExtensions.swift */,
				B20E70172A01956E001526B3 /* ViewExtensions.swift */,
			);
			path = Extensions;
			sourceTree = "<group>";
		};
/* End PBXGroup section */

/* Begin PBXNativeTarget section */
		B219D8342A00475E0098DDB1 /* Cards */ = {
			isa = PBXNativeTarget;
			buildConfigurationList = B219D8432A00475F0098DDB1 /* Build configuration list for PBXNativeTarget "Cards" */;
			buildPhases = (
				B219D8312A00475E0098DDB1 /* Sources */,
				B219D8322A00475E0098DDB1 /* Frameworks */,
				B219D8332A00475E0098DDB1 /* Resources */,
			);
			buildRules = (
			);
			dependencies = (
			);
			name = Cards;
			productName = Cards;
			productReference = B219D8352A00475E0098DDB1 /* Cards.app */;
			productType = "com.apple.product-type.application";
		};
/* End PBXNativeTarget section */

/* Begin PBXProject section */
		B219D82D2A00475E0098DDB1 /* Project object */ = {
			isa = PBXProject;
			attributes = {
				BuildIndependentTargetsInParallel = 1;
				LastSwiftUpdateCheck = 1430;
				LastUpgradeCheck = 1430;
				TargetAttributes = {
					B219D8342A00475E0098DDB1 = {
						CreatedOnToolsVersion = 14.3;
					};
				};
			};
			buildConfigurationList = B219D8302A00475E0098DDB1 /* Build configuration list for PBXProject "Cards" */;
			compatibilityVersion = "Xcode 14.0";
			developmentRegion = en;
			hasScannedForEncodings = 0;
			knownRegions = (
				en,
				Base,
			);
			mainGroup = B219D82C2A00475E0098DDB1;
			productRefGroup = B219D8362A00475E0098DDB1 /* Products */;
			projectDirPath = "";
			projectRoot = "";
			targets = (
				B219D8342A00475E0098DDB1 /* Cards */,
			);
		};
/* End PBXProject section */

/* Begin PBXResourcesBuildPhase section */
		B219D8332A00475E0098DDB1 /* Resources */ = {
			isa = PBXResourcesBuildPhase;
			buildActionMask = 2147483647;
			files = (
				B219D8402A00475F0098DDB1 /* Preview Assets.xcassets in Resources */,
				B2254D272A01439A0034C710 /* Stickers in Resources */,
				B219D83D2A00475F0098DDB1 /* Assets.xcassets in Resources */,
			);
			runOnlyForDeploymentPostprocessing = 0;
		};
/* End PBXResourcesBuildPhase section */

/* Begin PBXSourcesBuildPhase section */
		B219D8312A00475E0098DDB1 /* Sources */ = {
			isa = PBXSourcesBuildPhase;
			buildActionMask = 2147483647;
			files = (
				B2443A0B2A009A5900822683 /* CardDetailView.swift in Sources */,
				B2443A052A008E3800822683 /* CardElement.swift in Sources */,
				B20E700D2A0148F9001526B3 /* StickerModal.swift in Sources */,
				B24439E52A004B2100822683 /* CardThumbnail.swift in Sources */,
				B24439F72A00688100822683 /* Operators.swift in Sources */,
				B24439FF2A00777800822683 /* CardToolbar.swift in Sources */,
				B219D83B2A00475E0098DDB1 /* ContentView.swift in Sources */,
				B20E70122A017C2B001526B3 /* UIImageExtensions.swift in Sources */,
				B2443A032A00896A00822683 /* TextExtensions.swift in Sources */,
				B2443A072A008E6600822683 /* Card.swift in Sources */,
				B20E70162A019409001526B3 /* ElementContextMenu.swift in Sources */,
				B2895CB82A028D5D002669C3 /* Shapes.swift in Sources */,
				B2443A012A00894400822683 /* PreviewData.swift in Sources */,
				B24439F32A00650400822683 /* ResizableView.swift in Sources */,
				B24439E32A00495100822683 /* CardsListView.swift in Sources */,
				B24439E82A004BDB00822683 /* SingleCardView.swift in Sources */,
				B24439EC2A005A4C00822683 /* ToolbarSelection.swift in Sources */,
				B24439EE2A005ABA00822683 /* BottomToolbar.swift in Sources */,
				B24439F52A0065BC00822683 /* Transform.swift in Sources */,
				B2443A0D2A009B1800822683 /* CardElementView.swift in Sources */,
				B24439FA2A0073BE00822683 /* Settings.swift in Sources */,
				B20E70182A01956E001526B3 /* ViewExtensions.swift in Sources */,
				B2443A092A008FA200822683 /* CardStore.swift in Sources */,
				B219D8392A00475E0098DDB1 /* CardsApp.swift in Sources */,
				B20E70102A0170B5001526B3 /* PhotosModal.swift in Sources */,
				B24439FD2A00751900822683 /* ColorExtensions.swift in Sources */,
				B20E70142A0186F6001526B3 /* CustomTransfer.swift in Sources */,
			);
			runOnlyForDeploymentPostprocessing = 0;
		};
/* End PBXSourcesBuildPhase section */

/* Begin XCBuildConfiguration section */
		B219D8412A00475F0098DDB1 /* Debug */ = {
			isa = XCBuildConfiguration;
			buildSettings = {
				ALWAYS_SEARCH_USER_PATHS = NO;
				CLANG_ANALYZER_NONNULL = YES;
				CLANG_ANALYZER_NUMBER_OBJECT_CONVERSION = YES_AGGRESSIVE;
				CLANG_CXX_LANGUAGE_STANDARD = "gnu++20";
				CLANG_ENABLE_MODULES = YES;
				CLANG_ENABLE_OBJC_ARC = YES;
				CLANG_ENABLE_OBJC_WEAK = YES;
				CLANG_WARN_BLOCK_CAPTURE_AUTORELEASING = YES;
				CLANG_WARN_BOOL_CONVERSION = YES;
				CLANG_WARN_COMMA = YES;
				CLANG_WARN_CONSTANT_CONVERSION = YES;
				CLANG_WARN_DEPRECATED_OBJC_IMPLEMENTATIONS = YES;
				CLANG_WARN_DIRECT_OBJC_ISA_USAGE = YES_ERROR;
				CLANG_WARN_DOCUMENTATION_COMMENTS = YES;
				CLANG_WARN_EMPTY_BODY = YES;
				CLANG_WARN_ENUM_CONVERSION = YES;
				CLANG_WARN_INFINITE_RECURSION = YES;
				CLANG_WARN_INT_CONVERSION = YES;
				CLANG_WARN_NON_LITERAL_NULL_CONVERSION = YES;
				CLANG_WARN_OBJC_IMPLICIT_RETAIN_SELF = YES;
				CLANG_WARN_OBJC_LITERAL_CONVERSION = YES;
				CLANG_WARN_OBJC_ROOT_CLASS = YES_ERROR;
				CLANG_WARN_QUOTED_INCLUDE_IN_FRAMEWORK_HEADER = YES;
				CLANG_WARN_RANGE_LOOP_ANALYSIS = YES;
				CLANG_WARN_STRICT_PROTOTYPES = YES;
				CLANG_WARN_SUSPICIOUS_MOVE = YES;
				CLANG_WARN_UNGUARDED_AVAILABILITY = YES_AGGRESSIVE;
				CLANG_WARN_UNREACHABLE_CODE = YES;
				CLANG_WARN__DUPLICATE_METHOD_MATCH = YES;
				COPY_PHASE_STRIP = NO;
				DEBUG_INFORMATION_FORMAT = dwarf;
				ENABLE_STRICT_OBJC_MSGSEND = YES;
				ENABLE_TESTABILITY = YES;
				GCC_C_LANGUAGE_STANDARD = gnu11;
				GCC_DYNAMIC_NO_PIC = NO;
				GCC_NO_COMMON_BLOCKS = YES;
				GCC_OPTIMIZATION_LEVEL = 0;
				GCC_PREPROCESSOR_DEFINITIONS = (
					"DEBUG=1",
					"$(inherited)",
				);
				GCC_WARN_64_TO_32_BIT_CONVERSION = YES;
				GCC_WARN_ABOUT_RETURN_TYPE = YES_ERROR;
				GCC_WARN_UNDECLARED_SELECTOR = YES;
				GCC_WARN_UNINITIALIZED_AUTOS = YES_AGGRESSIVE;
				GCC_WARN_UNUSED_FUNCTION = YES;
				GCC_WARN_UNUSED_VARIABLE = YES;
				IPHONEOS_DEPLOYMENT_TARGET = 16.4;
				MTL_ENABLE_DEBUG_INFO = INCLUDE_SOURCE;
				MTL_FAST_MATH = YES;
				ONLY_ACTIVE_ARCH = YES;
				SDKROOT = iphoneos;
				SWIFT_ACTIVE_COMPILATION_CONDITIONS = DEBUG;
				SWIFT_OPTIMIZATION_LEVEL = "-Onone";
			};
			name = Debug;
		};
		B219D8422A00475F0098DDB1 /* Release */ = {
			isa = XCBuildConfiguration;
			buildSettings = {
				ALWAYS_SEARCH_USER_PATHS = NO;
				CLANG_ANALYZER_NONNULL = YES;
				CLANG_ANALYZER_NUMBER_OBJECT_CONVERSION = YES_AGGRESSIVE;
				CLANG_CXX_LANGUAGE_STANDARD = "gnu++20";
				CLANG_ENABLE_MODULES = YES;
				CLANG_ENABLE_OBJC_ARC = YES;
				CLANG_ENABLE_OBJC_WEAK = YES;
				CLANG_WARN_BLOCK_CAPTURE_AUTORELEASING = YES;
				CLANG_WARN_BOOL_CONVERSION = YES;
				CLANG_WARN_COMMA = YES;
				CLANG_WARN_CONSTANT_CONVERSION = YES;
				CLANG_WARN_DEPRECATED_OBJC_IMPLEMENTATIONS = YES;
				CLANG_WARN_DIRECT_OBJC_ISA_USAGE = YES_ERROR;
				CLANG_WARN_DOCUMENTATION_COMMENTS = YES;
				CLANG_WARN_EMPTY_BODY = YES;
				CLANG_WARN_ENUM_CONVERSION = YES;
				CLANG_WARN_INFINITE_RECURSION = YES;
				CLANG_WARN_INT_CONVERSION = YES;
				CLANG_WARN_NON_LITERAL_NULL_CONVERSION = YES;
				CLANG_WARN_OBJC_IMPLICIT_RETAIN_SELF = YES;
				CLANG_WARN_OBJC_LITERAL_CONVERSION = YES;
				CLANG_WARN_OBJC_ROOT_CLASS = YES_ERROR;
				CLANG_WARN_QUOTED_INCLUDE_IN_FRAMEWORK_HEADER = YES;
				CLANG_WARN_RANGE_LOOP_ANALYSIS = YES;
				CLANG_WARN_STRICT_PROTOTYPES = YES;
				CLANG_WARN_SUSPICIOUS_MOVE = YES;
				CLANG_WARN_UNGUARDED_AVAILABILITY = YES_AGGRESSIVE;
				CLANG_WARN_UNREACHABLE_CODE = YES;
				CLANG_WARN__DUPLICATE_METHOD_MATCH = YES;
				COPY_PHASE_STRIP = NO;
				DEBUG_INFORMATION_FORMAT = "dwarf-with-dsym";
				ENABLE_NS_ASSERTIONS = NO;
				ENABLE_STRICT_OBJC_MSGSEND = YES;
				GCC_C_LANGUAGE_STANDARD = gnu11;
				GCC_NO_COMMON_BLOCKS = YES;
				GCC_WARN_64_TO_32_BIT_CONVERSION = YES;
				GCC_WARN_ABOUT_RETURN_TYPE = YES_ERROR;
				GCC_WARN_UNDECLARED_SELECTOR = YES;
				GCC_WARN_UNINITIALIZED_AUTOS = YES_AGGRESSIVE;
				GCC_WARN_UNUSED_FUNCTION = YES;
				GCC_WARN_UNUSED_VARIABLE = YES;
				IPHONEOS_DEPLOYMENT_TARGET = 16.4;
				MTL_ENABLE_DEBUG_INFO = NO;
				MTL_FAST_MATH = YES;
				SDKROOT = iphoneos;
				SWIFT_COMPILATION_MODE = wholemodule;
				SWIFT_OPTIMIZATION_LEVEL = "-O";
				VALIDATE_PRODUCT = YES;
			};
			name = Release;
		};
		B219D8442A00475F0098DDB1 /* Debug */ = {
			isa = XCBuildConfiguration;
			buildSettings = {
				ASSETCATALOG_COMPILER_APPICON_NAME = AppIcon;
				ASSETCATALOG_COMPILER_GLOBAL_ACCENT_COLOR_NAME = AccentColor;
				CODE_SIGN_STYLE = Automatic;
				CURRENT_PROJECT_VERSION = 1;
				DEVELOPMENT_ASSET_PATHS = "\"Cards/Preview Content\"";
				DEVELOPMENT_TEAM = N4L46RJZFA;
				ENABLE_PREVIEWS = YES;
				GENERATE_INFOPLIST_FILE = YES;
				INFOPLIST_FILE = Cards/Info.plist;
				INFOPLIST_KEY_UIApplicationSceneManifest_Generation = YES;
				INFOPLIST_KEY_UIApplicationSupportsIndirectInputEvents = YES;
				INFOPLIST_KEY_UISupportedInterfaceOrientations_iPad = "UIInterfaceOrientationPortrait UIInterfaceOrientationPortraitUpsideDown UIInterfaceOrientationLandscapeLeft UIInterfaceOrientationLandscapeRight";
				INFOPLIST_KEY_UISupportedInterfaceOrientations_iPhone = "UIInterfaceOrientationPortrait UIInterfaceOrientationLandscapeLeft UIInterfaceOrientationLandscapeRight";
				LD_RUNPATH_SEARCH_PATHS = (
					"$(inherited)",
					"@executable_path/Frameworks",
				);
				MARKETING_VERSION = 1.0;
				PRODUCT_BUNDLE_IDENTIFIER = com.letguilhermec.Cards;
				PRODUCT_NAME = "$(TARGET_NAME)";
				SWIFT_EMIT_LOC_STRINGS = YES;
				SWIFT_VERSION = 5.0;
				TARGETED_DEVICE_FAMILY = "1,2";
			};
			name = Debug;
		};
		B219D8452A00475F0098DDB1 /* Release */ = {
			isa = XCBuildConfiguration;
			buildSettings = {
				ASSETCATALOG_COMPILER_APPICON_NAME = AppIcon;
				ASSETCATALOG_COMPILER_GLOBAL_ACCENT_COLOR_NAME = AccentColor;
				CODE_SIGN_STYLE = Automatic;
				CURRENT_PROJECT_VERSION = 1;
				DEVELOPMENT_ASSET_PATHS = "\"Cards/Preview Content\"";
				DEVELOPMENT_TEAM = N4L46RJZFA;
				ENABLE_PREVIEWS = YES;
				GENERATE_INFOPLIST_FILE = YES;
				INFOPLIST_FILE = Cards/Info.plist;
				INFOPLIST_KEY_UIApplicationSceneManifest_Generation = YES;
				INFOPLIST_KEY_UIApplicationSupportsIndirectInputEvents = YES;
				INFOPLIST_KEY_UISupportedInterfaceOrientations_iPad = "UIInterfaceOrientationPortrait UIInterfaceOrientationPortraitUpsideDown UIInterfaceOrientationLandscapeLeft UIInterfaceOrientationLandscapeRight";
				INFOPLIST_KEY_UISupportedInterfaceOrientations_iPhone = "UIInterfaceOrientationPortrait UIInterfaceOrientationLandscapeLeft UIInterfaceOrientationLandscapeRight";
				LD_RUNPATH_SEARCH_PATHS = (
					"$(inherited)",
					"@executable_path/Frameworks",
				);
				MARKETING_VERSION = 1.0;
				PRODUCT_BUNDLE_IDENTIFIER = com.letguilhermec.Cards;
				PRODUCT_NAME = "$(TARGET_NAME)";
				SWIFT_EMIT_LOC_STRINGS = YES;
				SWIFT_VERSION = 5.0;
				TARGETED_DEVICE_FAMILY = "1,2";
			};
			name = Release;
		};
/* End XCBuildConfiguration section */

/* Begin XCConfigurationList section */
		B219D8302A00475E0098DDB1 /* Build configuration list for PBXProject "Cards" */ = {
			isa = XCConfigurationList;
			buildConfigurations = (
				B219D8412A00475F0098DDB1 /* Debug */,
				B219D8422A00475F0098DDB1 /* Release */,
			);
			defaultConfigurationIsVisible = 0;
			defaultConfigurationName = Release;
		};
		B219D8432A00475F0098DDB1 /* Build configuration list for PBXNativeTarget "Cards" */ = {
			isa = XCConfigurationList;
			buildConfigurations = (
				B219D8442A00475F0098DDB1 /* Debug */,
				B219D8452A00475F0098DDB1 /* Release */,
			);
			defaultConfigurationIsVisible = 0;
			defaultConfigurationName = Release;
		};
/* End XCConfigurationList section */
	};
	rootObject = B219D82D2A00475E0098DDB1 /* Project object */;
}
